
Microsoft Visual Studio Solution File, Format Version 12.00
# Visual Studio Version 17
VisualStudioVersion = 17.3.32929.385
MinimumVisualStudioVersion = 10.0.40219.1
Project("{FAE04EC0-301F-11D3-BF4B-00C04F79EFBC}") = "OneClickInventory", "OneClickInventory\OneClickInventory.csproj", "{19BD7CE3-81E1-4FA5-B896-B660929BF3CF}"
EndProject
Global
	GlobalSection(SolutionConfigurationPlatforms) = preSolution
		Debug|Any CPU = Debug|Any CPU
		Release|Any CPU = Release|Any CPU
	EndGlobalSection
	GlobalSection(ProjectConfigurationPlatforms) = postSolution
		{19BD7CE3-81E1-4FA5-B896-B660929BF3CF}.Debug|Any CPU.ActiveCfg = Debug|Any CPU
		{19BD7CE3-81E1-4FA5-B896-B660929BF3CF}.Debug|Any CPU.Build.0 = Debug|Any CPU
		{19BD7CE3-81E1-4FA5-B896-B660929BF3CF}.Release|Any CPU.ActiveCfg = Release|Any CPU
		{19BD7CE3-81E1-4FA5-B896-B660929BF3CF}.Release|Any CPU.Build.0 = Release|Any CPU
	EndGlobalSection
	GlobalSection(SolutionProperties) = preSolution
		HideSolutionNode = FALSE
	EndGlobalSection
	GlobalSection(ExtensibilityGlobals) = postSolution
		SolutionGuid = {E08D645F-43FE-4B7C-B4CF-327D2B7A0141}
	EndGlobalSection
EndGlobal
